// !$*UTF8*$!
{
	archiveVersion = 1;
	classes = {
	};
	objectVersion = 46;
	objects = {

/* Begin PBXBuildFile section */
		897E410D1E40E62D009890AE /* main.m in Sources */ = {isa = PBXBuildFile; fileRef = 897E410C1E40E62D009890AE /* main.m */; };
		897E41101E40E62D009890AE /* AppDelegate.m in Sources */ = {isa = PBXBuildFile; fileRef = 897E410F1E40E62D009890AE /* AppDelegate.m */; };
		897E41161E40E62D009890AE /* Main.storyboard in Resources */ = {isa = PBXBuildFile; fileRef = 897E41141E40E62D009890AE /* Main.storyboard */; };
		897E41181E40E62D009890AE /* Assets.xcassets in Resources */ = {isa = PBXBuildFile; fileRef = 897E41171E40E62D009890AE /* Assets.xcassets */; };
		897E411B1E40E62D009890AE /* LaunchScreen.storyboard in Resources */ = {isa = PBXBuildFile; fileRef = 897E41191E40E62D009890AE /* LaunchScreen.storyboard */; };
		897E41241E40E677009890AE /* CatViewController.m in Sources */ = {isa = PBXBuildFile; fileRef = 897E41231E40E677009890AE /* CatViewController.m */; };
		897E41271E40E6DA009890AE /* CatCell.m in Sources */ = {isa = PBXBuildFile; fileRef = 897E41261E40E6DA009890AE /* CatCell.m */; };
		897E412A1E40E737009890AE /* CatModel.m in Sources */ = {isa = PBXBuildFile; fileRef = 897E41291E40E737009890AE /* CatModel.m */; };
		897E412D1E40E741009890AE /* Cat.m in Sources */ = {isa = PBXBuildFile; fileRef = 897E412C1E40E741009890AE /* Cat.m */; };
		897E41301E40F5BD009890AE /* MapKit.framework in Frameworks */ = {isa = PBXBuildFile; fileRef = 897E412F1E40F5BD009890AE /* MapKit.framework */; };
		897E41331E41030C009890AE /* DetailViewController.m in Sources */ = {isa = PBXBuildFile; fileRef = 897E41321E41030C009890AE /* DetailViewController.m */; };
		89A440A21E41246600D66397 /* SearchViewController.m in Sources */ = {isa = PBXBuildFile; fileRef = 89A440A11E41246600D66397 /* SearchViewController.m */; };
		89A440A51E412D2A00D66397 /* CoreLocation.framework in Frameworks */ = {isa = PBXBuildFile; fileRef = 89A440A41E412D2A00D66397 /* CoreLocation.framework */; };
		89A440A81E4169C600D66397 /* ShowAllViewController.m in Sources */ = {isa = PBXBuildFile; fileRef = 89A440A71E4169C600D66397 /* ShowAllViewController.m */; };
/* End PBXBuildFile section */

/* Begin PBXFileReference section */
		897E41081E40E62D009890AE /* 20170131 More Cats.app */ = {isa = PBXFileReference; explicitFileType = wrapper.application; includeInIndex = 0; path = "20170131 More Cats.app"; sourceTree = BUILT_PRODUCTS_DIR; };
		897E410C1E40E62D009890AE /* main.m */ = {isa = PBXFileReference; lastKnownFileType = sourcecode.c.objc; path = main.m; sourceTree = "<group>"; };
		897E410E1E40E62D009890AE /* AppDelegate.h */ = {isa = PBXFileReference; lastKnownFileType = sourcecode.c.h; path = AppDelegate.h; sourceTree = "<group>"; };
		897E410F1E40E62D009890AE /* AppDelegate.m */ = {isa = PBXFileReference; lastKnownFileType = sourcecode.c.objc; path = AppDelegate.m; sourceTree = "<group>"; };
		897E41151E40E62D009890AE /* Base */ = {isa = PBXFileReference; lastKnownFileType = file.storyboard; name = Base; path = Base.lproj/Main.storyboard; sourceTree = "<group>"; };
		897E41171E40E62D009890AE /* Assets.xcassets */ = {isa = PBXFileReference; lastKnownFileType = folder.assetcatalog; path = Assets.xcassets; sourceTree = "<group>"; };
		897E411A1E40E62D009890AE /* Base */ = {isa = PBXFileReference; lastKnownFileType = file.storyboard; name = Base; path = Base.lproj/LaunchScreen.storyboard; sourceTree = "<group>"; };
		897E411C1E40E62D009890AE /* Info.plist */ = {isa = PBXFileReference; lastKnownFileType = text.plist.xml; path = Info.plist; sourceTree = "<group>"; };
		897E41221E40E677009890AE /* CatViewController.h */ = {isa = PBXFileReference; fileEncoding = 4; lastKnownFileType = sourcecode.c.h; path = CatViewController.h; sourceTree = "<group>"; };
		897E41231E40E677009890AE /* CatViewController.m */ = {isa = PBXFileReference; fileEncoding = 4; lastKnownFileType = sourcecode.c.objc; path = CatViewController.m; sourceTree = "<group>"; };
		897E41251E40E6DA009890AE /* CatCell.h */ = {isa = PBXFileReference; fileEncoding = 4; lastKnownFileType = sourcecode.c.h; path = CatCell.h; sourceTree = "<group>"; };
		897E41261E40E6DA009890AE /* CatCell.m */ = {isa = PBXFileReference; fileEncoding = 4; lastKnownFileType = sourcecode.c.objc; path = CatCell.m; sourceTree = "<group>"; };
		897E41281E40E737009890AE /* CatModel.h */ = {isa = PBXFileReference; fileEncoding = 4; lastKnownFileType = sourcecode.c.h; path = CatModel.h; sourceTree = "<group>"; };
		897E41291E40E737009890AE /* CatModel.m */ = {isa = PBXFileReference; fileEncoding = 4; lastKnownFileType = sourcecode.c.objc; path = CatModel.m; sourceTree = "<group>"; };
		897E412B1E40E741009890AE /* Cat.h */ = {isa = PBXFileReference; fileEncoding = 4; lastKnownFileType = sourcecode.c.h; path = Cat.h; sourceTree = "<group>"; };
		897E412C1E40E741009890AE /* Cat.m */ = {isa = PBXFileReference; fileEncoding = 4; lastKnownFileType = sourcecode.c.objc; path = Cat.m; sourceTree = "<group>"; };
		897E412F1E40F5BD009890AE /* MapKit.framework */ = {isa = PBXFileReference; lastKnownFileType = wrapper.framework; name = MapKit.framework; path = System/Library/Frameworks/MapKit.framework; sourceTree = SDKROOT; };
		897E41311E41030C009890AE /* DetailViewController.h */ = {isa = PBXFileReference; fileEncoding = 4; lastKnownFileType = sourcecode.c.h; path = DetailViewController.h; sourceTree = "<group>"; };
		897E41321E41030C009890AE /* DetailViewController.m */ = {isa = PBXFileReference; fileEncoding = 4; lastKnownFileType = sourcecode.c.objc; path = DetailViewController.m; sourceTree = "<group>"; };
		89A440A01E41246600D66397 /* SearchViewController.h */ = {isa = PBXFileReference; fileEncoding = 4; lastKnownFileType = sourcecode.c.h; path = SearchViewController.h; sourceTree = "<group>"; };
		89A440A11E41246600D66397 /* SearchViewController.m */ = {isa = PBXFileReference; fileEncoding = 4; lastKnownFileType = sourcecode.c.objc; path = SearchViewController.m; sourceTree = "<group>"; };
		89A440A31E41253500D66397 /* SearchViewControllerDelegate.h */ = {isa = PBXFileReference; lastKnownFileType = sourcecode.c.h; path = SearchViewControllerDelegate.h; sourceTree = "<group>"; };
		89A440A41E412D2A00D66397 /* CoreLocation.framework */ = {isa = PBXFileReference; lastKnownFileType = wrapper.framework; name = CoreLocation.framework; path = System/Library/Frameworks/CoreLocation.framework; sourceTree = SDKROOT; };
		89A440A61E4169C600D66397 /* ShowAllViewController.h */ = {isa = PBXFileReference; fileEncoding = 4; lastKnownFileType = sourcecode.c.h; path = ShowAllViewController.h; sourceTree = "<group>"; };
		89A440A71E4169C600D66397 /* ShowAllViewController.m */ = {isa = PBXFileReference; fileEncoding = 4; lastKnownFileType = sourcecode.c.objc; path = ShowAllViewController.m; sourceTree = "<group>"; };
/* End PBXFileReference section */

/* Begin PBXFrameworksBuildPhase section */
		897E41051E40E62D009890AE /* Frameworks */ = {
			isa = PBXFrameworksBuildPhase;
			buildActionMask = 2147483647;
			files = (
				89A440A51E412D2A00D66397 /* CoreLocation.framework in Frameworks */,
				897E41301E40F5BD009890AE /* MapKit.framework in Frameworks */,
			);
			runOnlyForDeploymentPostprocessing = 0;
		};
/* End PBXFrameworksBuildPhase section */

/* Begin PBXGroup section */
		897E40FF1E40E62D009890AE = {
			isa = PBXGroup;
			children = (
				897E410A1E40E62D009890AE /* 20170131 More Cats */,
				897E41091E40E62D009890AE /* Products */,
				897E412E1E40F5BD009890AE /* Frameworks */,
			);
			sourceTree = "<group>";
		};
		897E41091E40E62D009890AE /* Products */ = {
			isa = PBXGroup;
			children = (
				897E41081E40E62D009890AE /* 20170131 More Cats.app */,
			);
			name = Products;
			sourceTree = "<group>";
		};
		897E410A1E40E62D009890AE /* 20170131 More Cats */ = {
			isa = PBXGroup;
			children = (
				897E410E1E40E62D009890AE /* AppDelegate.h */,
				897E410F1E40E62D009890AE /* AppDelegate.m */,
				897E41221E40E677009890AE /* CatViewController.h */,
				897E41231E40E677009890AE /* CatViewController.m */,
				89A440A61E4169C600D66397 /* ShowAllViewController.h */,
				89A440A71E4169C600D66397 /* ShowAllViewController.m */,
				897E41281E40E737009890AE /* CatModel.h */,
				897E41291E40E737009890AE /* CatModel.m */,
				897E41141E40E62D009890AE /* Main.storyboard */,
				897E41171E40E62D009890AE /* Assets.xcassets */,
				897E411C1E40E62D009890AE /* Info.plist */,
				897E410B1E40E62D009890AE /* Supporting Files */,
			);
			path = "20170131 More Cats";
			sourceTree = "<group>";
		};
		897E410B1E40E62D009890AE /* Supporting Files */ = {
			isa = PBXGroup;
			children = (
				897E410C1E40E62D009890AE /* main.m */,
				89A440A01E41246600D66397 /* SearchViewController.h */,
				89A440A11E41246600D66397 /* SearchViewController.m */,
				89A440A31E41253500D66397 /* SearchViewControllerDelegate.h */,
				897E41311E41030C009890AE /* DetailViewController.h */,
				897E41321E41030C009890AE /* DetailViewController.m */,
				897E412B1E40E741009890AE /* Cat.h */,
				897E412C1E40E741009890AE /* Cat.m */,
				897E41251E40E6DA009890AE /* CatCell.h */,
				897E41261E40E6DA009890AE /* CatCell.m */,
				897E41191E40E62D009890AE /* LaunchScreen.storyboard */,
			);
			name = "Supporting Files";
			sourceTree = "<group>";
		};
		897E412E1E40F5BD009890AE /* Frameworks */ = {
			isa = PBXGroup;
			children = (
				89A440A41E412D2A00D66397 /* CoreLocation.framework */,
				897E412F1E40F5BD009890AE /* MapKit.framework */,
			);
			name = Frameworks;
			sourceTree = "<group>";
		};
/* End PBXGroup section */

/* Begin PBXNativeTarget section */
		897E41071E40E62D009890AE /* 20170131 More Cats */ = {
			isa = PBXNativeTarget;
			buildConfigurationList = 897E411F1E40E62D009890AE /* Build configuration list for PBXNativeTarget "20170131 More Cats" */;
			buildPhases = (
				897E41041E40E62D009890AE /* Sources */,
				897E41051E40E62D009890AE /* Frameworks */,
				897E41061E40E62D009890AE /* Resources */,
			);
			buildRules = (
			);
			dependencies = (
			);
			name = "20170131 More Cats";
			productName = "20170131 More Cats";
			productReference = 897E41081E40E62D009890AE /* 20170131 More Cats.app */;
			productType = "com.apple.product-type.application";
		};
/* End PBXNativeTarget section */

/* Begin PBXProject section */
		897E41001E40E62D009890AE /* Project object */ = {
			isa = PBXProject;
			attributes = {
				LastUpgradeCheck = 0820;
				ORGANIZATIONNAME = "Minhung Ling";
				TargetAttributes = {
					897E41071E40E62D009890AE = {
						CreatedOnToolsVersion = 8.2.1;
						ProvisioningStyle = Automatic;
					};
				};
			};
			buildConfigurationList = 897E41031E40E62D009890AE /* Build configuration list for PBXProject "20170131 More Cats" */;
			compatibilityVersion = "Xcode 3.2";
			developmentRegion = English;
			hasScannedForEncodings = 0;
			knownRegions = (
				en,
				Base,
			);
			mainGroup = 897E40FF1E40E62D009890AE;
			productRefGroup = 897E41091E40E62D009890AE /* Products */;
			projectDirPath = "";
			projectRoot = "";
			targets = (
				897E41071E40E62D009890AE /* 20170131 More Cats */,
			);
		};
/* End PBXProject section */

/* Begin PBXResourcesBuildPhase section */
		897E41061E40E62D009890AE /* Resources */ = {
			isa = PBXResourcesBuildPhase;
			buildActionMask = 2147483647;
			files = (
				897E411B1E40E62D009890AE /* LaunchScreen.storyboard in Resources */,
				897E41181E40E62D009890AE /* Assets.xcassets in Resources */,
				897E41161E40E62D009890AE /* Main.storyboard in Resources */,
			);
			runOnlyForDeploymentPostprocessing = 0;
		};
/* End PBXResourcesBuildPhase section */

/* Begin PBXSourcesBuildPhase section */
		897E41041E40E62D009890AE /* Sources */ = {
			isa = PBXSourcesBuildPhase;
			buildActionMask = 2147483647;
			files = (
				897E412D1E40E741009890AE /* Cat.m in Sources */,
				897E41271E40E6DA009890AE /* CatCell.m in Sources */,
				897E41241E40E677009890AE /* CatViewController.m in Sources */,
				897E412A1E40E737009890AE /* CatModel.m in Sources */,
				897E41101E40E62D009890AE /* AppDelegate.m in Sources */,
				897E410D1E40E62D009890AE /* main.m in Sources */,
				89A440A21E41246600D66397 /* SearchViewController.m in Sources */,
				897E41331E41030C009890AE /* DetailViewController.m in Sources */,
				89A440A81E4169C600D66397 /* ShowAllViewController.m in Sources */,
			);
			runOnlyForDeploymentPostprocessing = 0;
		};
/* End PBXSourcesBuildPhase section */

/* Begin PBXVariantGroup section */
		897E41141E40E62D009890AE /* Main.storyboard */ = {
			isa = PBXVariantGroup;
			children = (
				897E41151E40E62D009890AE /* Base */,
			);
			name = Main.storyboard;
			sourceTree = "<group>";
		};
		897E41191E40E62D009890AE /* LaunchScreen.storyboard */ = {
			isa = PBXVariantGroup;
			children = (
				897E411A1E40E62D009890AE /* Base */,
			);
			name = LaunchScreen.storyboard;
			sourceTree = "<group>";
		};
/* End PBXVariantGroup section */

/* Begin XCBuildConfiguration section */
		897E411D1E40E62D009890AE /* Debug */ = {
			isa = XCBuildConfiguration;
			buildSettings = {
				ALWAYS_SEARCH_USER_PATHS = NO;
				CLANG_ANALYZER_NONNULL = YES;
				CLANG_CXX_LANGUAGE_STANDARD = "gnu++0x";
				CLANG_CXX_LIBRARY = "libc++";
				CLANG_ENABLE_MODULES = YES;
				CLANG_ENABLE_OBJC_ARC = YES;
				CLANG_WARN_BOOL_CONVERSION = YES;
				CLANG_WARN_CONSTANT_CONVERSION = YES;
				CLANG_WARN_DIRECT_OBJC_ISA_USAGE = YES_ERROR;
				CLANG_WARN_DOCUMENTATION_COMMENTS = YES;
				CLANG_WARN_EMPTY_BODY = YES;
				CLANG_WARN_ENUM_CONVERSION = YES;
				CLANG_WARN_INFINITE_RECURSION = YES;
				CLANG_WARN_INT_CONVERSION = YES;
				CLANG_WARN_OBJC_ROOT_CLASS = YES_ERROR;
				CLANG_WARN_SUSPICIOUS_MOVE = YES;
				CLANG_WARN_UNREACHABLE_CODE = YES;
				CLANG_WARN__DUPLICATE_METHOD_MATCH = YES;
				"CODE_SIGN_IDENTITY[sdk=iphoneos*]" = "iPhone Developer";
				COPY_PHASE_STRIP = NO;
				DEBUG_INFORMATION_FORMAT = dwarf;
				ENABLE_STRICT_OBJC_MSGSEND = YES;
				ENABLE_TESTABILITY = YES;
				GCC_C_LANGUAGE_STANDARD = gnu99;
				GCC_DYNAMIC_NO_PIC = NO;
				GCC_NO_COMMON_BLOCKS = YES;
				GCC_OPTIMIZATION_LEVEL = 0;
				GCC_PREPROCESSOR_DEFINITIONS = (
					"DEBUG=1",
					"$(inherited)",
				);
				GCC_WARN_64_TO_32_BIT_CONVERSION = YES;
				GCC_WARN_ABOUT_RETURN_TYPE = YES_ERROR;
				GCC_WARN_UNDECLARED_SELECTOR = YES;
				GCC_WARN_UNINITIALIZED_AUTOS = YES_AGGRESSIVE;
				GCC_WARN_UNUSED_FUNCTION = YES;
				GCC_WARN_UNUSED_VARIABLE = YES;
				IPHONEOS_DEPLOYMENT_TARGET = 10.2;
				MTL_ENABLE_DEBUG_INFO = YES;
				ONLY_ACTIVE_ARCH = YES;
				SDKROOT = iphoneos;
				TARGETED_DEVICE_FAMILY = "1,2";
			};
			name = Debug;
		};
		897E411E1E40E62D009890AE /* Release */ = {
			isa = XCBuildConfiguration;
			buildSettings = {
				ALWAYS_SEARCH_USER_PATHS = NO;
				CLANG_ANALYZER_NONNULL = YES;
				CLANG_CXX_LANGUAGE_STANDARD = "gnu++0x";
				CLANG_CXX_LIBRARY = "libc++";
				CLANG_ENABLE_MODULES = YES;
				CLANG_ENABLE_OBJC_ARC = YES;
				CLANG_WARN_BOOL_CONVERSION = YES;
				CLANG_WARN_CONSTANT_CONVERSION = YES;
				CLANG_WARN_DIRECT_OBJC_ISA_USAGE = YES_ERROR;
				CLANG_WARN_DOCUMENTATION_COMMENTS = YES;
				CLANG_WARN_EMPTY_BODY = YES;
				CLANG_WARN_ENUM_CONVERSION = YES;
				CLANG_WARN_INFINITE_RECURSION = YES;
				CLANG_WARN_INT_CONVERSION = YES;
				CLANG_WARN_OBJC_ROOT_CLASS = YES_ERROR;
				CLANG_WARN_SUSPICIOUS_MOVE = YES;
				CLANG_WARN_UNREACHABLE_CODE = YES;
				CLANG_WARN__DUPLICATE_METHOD_MATCH = YES;
				"CODE_SIGN_IDENTITY[sdk=iphoneos*]" = "iPhone Developer";
				COPY_PHASE_STRIP = NO;
				DEBUG_INFORMATION_FORMAT = "dwarf-with-dsym";
				ENABLE_NS_ASSERTIONS = NO;
				ENABLE_STRICT_OBJC_MSGSEND = YES;
				GCC_C_LANGUAGE_STANDARD = gnu99;
				GCC_NO_COMMON_BLOCKS = YES;
				GCC_WARN_64_TO_32_BIT_CONVERSION = YES;
				GCC_WARN_ABOUT_RETURN_TYPE = YES_ERROR;
				GCC_WARN_UNDECLARED_SELECTOR = YES;
				GCC_WARN_UNINITIALIZED_AUTOS = YES_AGGRESSIVE;
				GCC_WARN_UNUSED_FUNCTION = YES;
				GCC_WARN_UNUSED_VARIABLE = YES;
				IPHONEOS_DEPLOYMENT_TARGET = 10.2;
				MTL_ENABLE_DEBUG_INFO = NO;
				SDKROOT = iphoneos;
				TARGETED_DEVICE_FAMILY = "1,2";
				VALIDATE_PRODUCT = YES;
			};
			name = Release;
		};
		897E41201E40E62D009890AE /* Debug */ = {
			isa = XCBuildConfiguration;
			buildSettings = {
				ASSETCATALOG_COMPILER_APPICON_NAME = AppIcon;
				INFOPLIST_FILE = "20170131 More Cats/Info.plist";
				LD_RUNPATH_SEARCH_PATHS = "$(inherited) @executable_path/Frameworks";
				PRODUCT_BUNDLE_IDENTIFIER = "mling.-0170131-More-Cats";
				PRODUCT_NAME = "$(TARGET_NAME)";
			};
			name = Debug;
		};
		897E41211E40E62D009890AE /* Release */ = {
			isa = XCBuildConfiguration;
			buildSettings = {
				ASSETCATALOG_COMPILER_APPICON_NAME = AppIcon;
				INFOPLIST_FILE = "20170131 More Cats/Info.plist";
				LD_RUNPATH_SEARCH_PATHS = "$(inherited) @executable_path/Frameworks";
				PRODUCT_BUNDLE_IDENTIFIER = "mling.-0170131-More-Cats";
				PRODUCT_NAME = "$(TARGET_NAME)";
			};
			name = Release;
		};
/* End XCBuildConfiguration section */

/* Begin XCConfigurationList section */
		897E41031E40E62D009890AE /* Build configuration list for PBXProject "20170131 More Cats" */ = {
			isa = XCConfigurationList;
			buildConfigurations = (
				897E411D1E40E62D009890AE /* Debug */,
				897E411E1E40E62D009890AE /* Release */,
			);
			defaultConfigurationIsVisible = 0;
			defaultConfigurationName = Release;
		};
		897E411F1E40E62D009890AE /* Build configuration list for PBXNativeTarget "20170131 More Cats" */ = {
			isa = XCConfigurationList;
			buildConfigurations = (
				897E41201E40E62D009890AE /* Debug */,
				897E41211E40E62D009890AE /* Release */,
			);
			defaultConfigurationIsVisible = 0;
			defaultConfigurationName = Release;
		};
/* End XCConfigurationList section */
	};
	rootObject = 897E41001E40E62D009890AE /* Project object */;
}
